
Microsoft Visual Studio Solution File, Format Version 12.00
# Visual Studio Version 17
VisualStudioVersion = 17.0.31903.59
MinimumVisualStudioVersion = 10.0.40219.1
Project("{FAE04EC0-301F-11D3-BF4B-00C04F79EFBC}") = "GOF.Host", "GOF.Host\GOF.Host.csproj", "{F00CFF6E-408C-4281-BF19-39EA17C7B99F}"
EndProject
Project("{FAE04EC0-301F-11D3-BF4B-00C04F79EFBC}") = "GOF.Domain", "GOF.Domain\GOF.Domain.csproj", "{CE919739-404E-47B1-A0D3-A0BA370C70BA}"
EndProject
Project("{FAE04EC0-301F-11D3-BF4B-00C04F79EFBC}") = "GOF.Service", "GOF.Service\GOF.Service.csproj", "{98BC38CA-7657-444D-A5CE-C84AE578B56C}"
EndProject
Project("{FAE04EC0-301F-11D3-BF4B-00C04F79EFBC}") = "GOF.Infra", "GOF.Infra\GOF.Infra.csproj", "{04A9A7EB-7F23-4C30-BFDA-DBE2ACD395D0}"
EndProject
Project("{FAE04EC0-301F-11D3-BF4B-00C04F79EFBC}") = "GOF.Application", "GOF.Application\GOF.Application.csproj", "{E1C55B8B-DA26-455F-9591-FACCA21F5ED1}"
EndProject
Project("{FAE04EC0-301F-11D3-BF4B-00C04F79EFBC}") = "GOF.IoC", "GOF.IoC\GOF.IoC.csproj", "{5EE6390F-D9A8-4DEA-B3D2-11759B1598FF}"
EndProject
Project("{FAE04EC0-301F-11D3-BF4B-00C04F79EFBC}") = "GOF.Tests", "GOF.Tests\GOF.Tests.csproj", "{9E810F75-9776-476F-AC64-C71266065AA4}"
EndProject
Global
	GlobalSection(SolutionConfigurationPlatforms) = preSolution
		Debug|Any CPU = Debug|Any CPU
		Release|Any CPU = Release|Any CPU
	EndGlobalSection
	GlobalSection(SolutionProperties) = preSolution
		HideSolutionNode = FALSE
	EndGlobalSection
	GlobalSection(ProjectConfigurationPlatforms) = postSolution
		{F00CFF6E-408C-4281-BF19-39EA17C7B99F}.Debug|Any CPU.ActiveCfg = Debug|Any CPU
		{F00CFF6E-408C-4281-BF19-39EA17C7B99F}.Debug|Any CPU.Build.0 = Debug|Any CPU
		{F00CFF6E-408C-4281-BF19-39EA17C7B99F}.Release|Any CPU.ActiveCfg = Release|Any CPU
		{F00CFF6E-408C-4281-BF19-39EA17C7B99F}.Release|Any CPU.Build.0 = Release|Any CPU
		{CE919739-404E-47B1-A0D3-A0BA370C70BA}.Debug|Any CPU.ActiveCfg = Debug|Any CPU
		{CE919739-404E-47B1-A0D3-A0BA370C70BA}.Debug|Any CPU.Build.0 = Debug|Any CPU
		{CE919739-404E-47B1-A0D3-A0BA370C70BA}.Release|Any CPU.ActiveCfg = Release|Any CPU
		{CE919739-404E-47B1-A0D3-A0BA370C70BA}.Release|Any CPU.Build.0 = Release|Any CPU
		{98BC38CA-7657-444D-A5CE-C84AE578B56C}.Debug|Any CPU.ActiveCfg = Debug|Any CPU
		{98BC38CA-7657-444D-A5CE-C84AE578B56C}.Debug|Any CPU.Build.0 = Debug|Any CPU
		{98BC38CA-7657-444D-A5CE-C84AE578B56C}.Release|Any CPU.ActiveCfg = Release|Any CPU
		{98BC38CA-7657-444D-A5CE-C84AE578B56C}.Release|Any CPU.Build.0 = Release|Any CPU
		{04A9A7EB-7F23-4C30-BFDA-DBE2ACD395D0}.Debug|Any CPU.ActiveCfg = Debug|Any CPU
		{04A9A7EB-7F23-4C30-BFDA-DBE2ACD395D0}.Debug|Any CPU.Build.0 = Debug|Any CPU
		{04A9A7EB-7F23-4C30-BFDA-DBE2ACD395D0}.Release|Any CPU.ActiveCfg = Release|Any CPU
		{04A9A7EB-7F23-4C30-BFDA-DBE2ACD395D0}.Release|Any CPU.Build.0 = Release|Any CPU
		{E1C55B8B-DA26-455F-9591-FACCA21F5ED1}.Debug|Any CPU.ActiveCfg = Debug|Any CPU
		{E1C55B8B-DA26-455F-9591-FACCA21F5ED1}.Debug|Any CPU.Build.0 = Debug|Any CPU
		{E1C55B8B-DA26-455F-9591-FACCA21F5ED1}.Release|Any CPU.ActiveCfg = Release|Any CPU
		{E1C55B8B-DA26-455F-9591-FACCA21F5ED1}.Release|Any CPU.Build.0 = Release|Any CPU
		{5EE6390F-D9A8-4DEA-B3D2-11759B1598FF}.Debug|Any CPU.ActiveCfg = Debug|Any CPU
		{5EE6390F-D9A8-4DEA-B3D2-11759B1598FF}.Debug|Any CPU.Build.0 = Debug|Any CPU
		{5EE6390F-D9A8-4DEA-B3D2-11759B1598FF}.Release|Any CPU.ActiveCfg = Release|Any CPU
		{5EE6390F-D9A8-4DEA-B3D2-11759B1598FF}.Release|Any CPU.Build.0 = Release|Any CPU
		{9E810F75-9776-476F-AC64-C71266065AA4}.Debug|Any CPU.ActiveCfg = Debug|Any CPU
		{9E810F75-9776-476F-AC64-C71266065AA4}.Debug|Any CPU.Build.0 = Debug|Any CPU
		{9E810F75-9776-476F-AC64-C71266065AA4}.Release|Any CPU.ActiveCfg = Release|Any CPU
		{9E810F75-9776-476F-AC64-C71266065AA4}.Release|Any CPU.Build.0 = Release|Any CPU
		{644897A5-8985-43A0-A2EA-A64B5B395A55}.Debug|Any CPU.ActiveCfg = Debug|Any CPU
		{644897A5-8985-43A0-A2EA-A64B5B395A55}.Debug|Any CPU.Build.0 = Debug|Any CPU
		{644897A5-8985-43A0-A2EA-A64B5B395A55}.Release|Any CPU.ActiveCfg = Release|Any CPU
		{644897A5-8985-43A0-A2EA-A64B5B395A55}.Release|Any CPU.Build.0 = Release|Any CPU
	EndGlobalSection
EndGlobal
